
Microsoft Visual Studio Solution File, Format Version 12.00
# Visual Studio Version 17
VisualStudioVersion = 17.4.33110.190
MinimumVisualStudioVersion = 10.0.40219.1
Project("{FAE04EC0-301F-11D3-BF4B-00C04F79EFBC}") = "Email", "src\Email.csproj", "{763C74DF-7F05-4267-940D-4835D4559C84}"
EndProject
Global
	GlobalSection(SolutionConfigurationPlatforms) = preSolution
		Debug|Any CPU = Debug|Any CPU
		Release|Any CPU = Release|Any CPU
	EndGlobalSection
	GlobalSection(ProjectConfigurationPlatforms) = postSolution
		{763C74DF-7F05-4267-940D-4835D4559C84}.Debug|Any CPU.ActiveCfg = Debug|Any CPU
		{763C74DF-7F05-4267-940D-4835D4559C84}.Debug|Any CPU.Build.0 = Debug|Any CPU
		{763C74DF-7F05-4267-940D-4835D4559C84}.Release|Any CPU.ActiveCfg = Release|Any CPU
		{763C74DF-7F05-4267-940D-4835D4559C84}.Release|Any CPU.Build.0 = Release|Any CPU
	EndGlobalSection
	GlobalSection(SolutionProperties) = preSolution
		HideSolutionNode = FALSE
	EndGlobalSection
	GlobalSection(ExtensibilityGlobals) = postSolution
		SolutionGuid = {EDC76DFC-7D82-4BB6-B033-3F7A8E1995A6}
	EndGlobalSection
EndGlobal
